<?xml version="1.0" encoding="UTF-8"?>
<CONFIG>
  <ProjectOptions>
    <Version Value="12"/>
    <General>
      <Flags>
        <MainUnitHasCreateFormStatements Value="False"/>
        <MainUnitHasScaledStatement Value="False"/>
        <UseDefaultCompilerOptions Value="True"/>
      </Flags>
      <SessionStorage Value="InProjectDir"/>
      <Title Value="My Application"/>
      <UseAppBundle Value="False"/>
      <ResourceType Value="res"/>
    </General>
    <BuildModes>
      <Item Name="Default" Default="True"/>
    </BuildModes>
    <PublishOptions>
      <Version Value="2"/>
      <UseFileFilters Value="True"/>
    </PublishOptions>
    <RunParams>
      <FormatVersion Value="2"/>
    </RunParams>
    <Units>
      <Unit>
        <Filename Value="make_unidata.lpr"/>
        <IsPartOfProject Value="True"/>
      </Unit>
    </Units>
  </ProjectOptions>
  <CompilerOptions>
    <Version Value="11"/>
    <Target>
      <Filename Value="make_unidata"/>
    </Target>
    <SearchPaths>
      <UnitOutputDirectory Value="lib/$(TargetCPU)-$(TargetOS)"/>
    </SearchPaths>
  </CompilerOptions>
  <Debugging>
    <Exceptions>
      <Item>
        <Name Value="EAbort"/>
      </Item>
      <Item>
        <Name Value="ECodetoolError"/>
      </Item>
      <Item>
        <Name Value="EFOpenError"/>
      </Item>
      <Item>
        <Name Value="EPyNameError"/>
      </Item>
      <Item>
        <Name Value="EPySyntaxError"/>
      </Item>
      <Item>
        <Name Value="EPyImportError"/>
      </Item>
      <Item>
        <Name Value="Exception"/>
      </Item>
      <Item>
        <Name Value="EScannerError"/>
      </Item>
      <Item>
        <Name Value="RunError(216)"/>
      </Item>
      <Item>
        <Name Value="EPyTypeError"/>
      </Item>
      <Item>
        <Name Value="EPyAttributeError"/>
      </Item>
      <Item>
        <Name Value="ERegExpr"/>
      </Item>
      <Item>
        <Name Value="EPyNotImplementedError"/>
      </Item>
    </Exceptions>
  </Debugging>
</CONFIG>
